
Microsoft Visual Studio Solution File, Format Version 12.00
# Visual Studio Version 16
VisualStudioVersion = 16.0.30128.74
MinimumVisualStudioVersion = 10.0.40219.1
Project("{FAE04EC0-301F-11D3-BF4B-00C04F79EFBC}") = "FishLegMod", "FishLegMod.csproj", "{3C93B378-0043-47E3-A5C0-C5876C042AAB}"
EndProject
Global
	GlobalSection(SolutionConfigurationPlatforms) = preSolution
		Debug|Any CPU = Debug|Any CPU
		Release|Any CPU = Release|Any CPU
	EndGlobalSection
	GlobalSection(ProjectConfigurationPlatforms) = postSolution
		{3C93B378-0043-47E3-A5C0-C5876C042AAB}.Debug|Any CPU.ActiveCfg = Debug|Any CPU
		{3C93B378-0043-47E3-A5C0-C5876C042AAB}.Debug|Any CPU.Build.0 = Debug|Any CPU
		{3C93B378-0043-47E3-A5C0-C5876C042AAB}.Release|Any CPU.ActiveCfg = Release|Any CPU
		{3C93B378-0043-47E3-A5C0-C5876C042AAB}.Release|Any CPU.Build.0 = Release|Any CPU
	EndGlobalSection
	GlobalSection(SolutionProperties) = preSolution
		HideSolutionNode = FALSE
	EndGlobalSection
	GlobalSection(ExtensibilityGlobals) = postSolution
		SolutionGuid = {651ABB93-436F-41AF-A725-528C7A776216}
	EndGlobalSection
EndGlobal
